
Microsoft Visual Studio Solution File, Format Version 12.00
# Visual Studio Version 16
VisualStudioVersion = 16.0.30406.217
MinimumVisualStudioVersion = 10.0.40219.1
Project("{9A19103F-16F7-4668-BE54-9A1E7A4F7556}") = "DnDBlazorReference.Server", "DnDBlazorReference\Server\DnDBlazorReference.Server.csproj", "{9ED24F08-BE90-4B8F-B0A2-401DB95EF65C}"
EndProject
Project("{9A19103F-16F7-4668-BE54-9A1E7A4F7556}") = "DnDBlazorReference.Client", "DnDBlazorReference\Client\DnDBlazorReference.Client.csproj", "{AAC38DAE-E744-444F-9F99-8CADF13B4487}"
EndProject
Project("{9A19103F-16F7-4668-BE54-9A1E7A4F7556}") = "DnDBlazorReference.Shared", "DnDBlazorReference\Shared\DnDBlazorReference.Shared.csproj", "{5E897441-0140-4D4E-9F0A-E1D44809EAC7}"
EndProject
Global
	GlobalSection(SolutionConfigurationPlatforms) = preSolution
		Debug|Any CPU = Debug|Any CPU
		Release|Any CPU = Release|Any CPU
	EndGlobalSection
	GlobalSection(ProjectConfigurationPlatforms) = postSolution
		{9ED24F08-BE90-4B8F-B0A2-401DB95EF65C}.Debug|Any CPU.ActiveCfg = Debug|Any CPU
		{9ED24F08-BE90-4B8F-B0A2-401DB95EF65C}.Debug|Any CPU.Build.0 = Debug|Any CPU
		{9ED24F08-BE90-4B8F-B0A2-401DB95EF65C}.Release|Any CPU.ActiveCfg = Release|Any CPU
		{9ED24F08-BE90-4B8F-B0A2-401DB95EF65C}.Release|Any CPU.Build.0 = Release|Any CPU
		{AAC38DAE-E744-444F-9F99-8CADF13B4487}.Debug|Any CPU.ActiveCfg = Debug|Any CPU
		{AAC38DAE-E744-444F-9F99-8CADF13B4487}.Debug|Any CPU.Build.0 = Debug|Any CPU
		{AAC38DAE-E744-444F-9F99-8CADF13B4487}.Release|Any CPU.ActiveCfg = Release|Any CPU
		{AAC38DAE-E744-444F-9F99-8CADF13B4487}.Release|Any CPU.Build.0 = Release|Any CPU
		{5E897441-0140-4D4E-9F0A-E1D44809EAC7}.Debug|Any CPU.ActiveCfg = Debug|Any CPU
		{5E897441-0140-4D4E-9F0A-E1D44809EAC7}.Debug|Any CPU.Build.0 = Debug|Any CPU
		{5E897441-0140-4D4E-9F0A-E1D44809EAC7}.Release|Any CPU.ActiveCfg = Release|Any CPU
		{5E897441-0140-4D4E-9F0A-E1D44809EAC7}.Release|Any CPU.Build.0 = Release|Any CPU
	EndGlobalSection
	GlobalSection(SolutionProperties) = preSolution
		HideSolutionNode = FALSE
	EndGlobalSection
	GlobalSection(ExtensibilityGlobals) = postSolution
		SolutionGuid = {ABC3715B-33D3-4801-ABFA-F255B8A4F78F}
	EndGlobalSection
EndGlobal
